// !$*UTF8*$!
{
	archiveVersion = 1;
	classes = {
	};
	objectVersion = 46;
	objects = {

/* Begin PBXBuildFile section */
		44353D971C6FEB2500F4C20B /* main.m in Sources */ = {isa = PBXBuildFile; fileRef = 44353D961C6FEB2500F4C20B /* main.m */; };
		44353D9A1C6FEB2500F4C20B /* AppDelegate.m in Sources */ = {isa = PBXBuildFile; fileRef = 44353D991C6FEB2500F4C20B /* AppDelegate.m */; };
		44353D9D1C6FEB2500F4C20B /* ViewController.m in Sources */ = {isa = PBXBuildFile; fileRef = 44353D9C1C6FEB2500F4C20B /* ViewController.m */; };
		44353DA01C6FEB2500F4C20B /* Main.storyboard in Resources */ = {isa = PBXBuildFile; fileRef = 44353D9E1C6FEB2500F4C20B /* Main.storyboard */; };
		44353DA21C6FEB2500F4C20B /* Assets.xcassets in Resources */ = {isa = PBXBuildFile; fileRef = 44353DA11C6FEB2500F4C20B /* Assets.xcassets */; };
		44353DA51C6FEB2500F4C20B /* LaunchScreen.storyboard in Resources */ = {isa = PBXBuildFile; fileRef = 44353DA31C6FEB2500F4C20B /* LaunchScreen.storyboard */; };
		44353DB01C6FEB2500F4C20B /* viewtestingremoteTests.m in Sources */ = {isa = PBXBuildFile; fileRef = 44353DAF1C6FEB2500F4C20B /* viewtestingremoteTests.m */; };
		44353DBB1C6FEB2500F4C20B /* viewtestingremoteUITests.m in Sources */ = {isa = PBXBuildFile; fileRef = 44353DBA1C6FEB2500F4C20B /* viewtestingremoteUITests.m */; };
		44353DCA1C6FEC3100F4C20B /* MultipeerConnectivity.framework in Frameworks */ = {isa = PBXBuildFile; fileRef = 44353DC91C6FEC3100F4C20B /* MultipeerConnectivity.framework */; };
		44353DCC1C6FEC4300F4C20B /* UIKit.framework in Frameworks */ = {isa = PBXBuildFile; fileRef = 44353DCB1C6FEC4300F4C20B /* UIKit.framework */; };
		44353DCE1C6FEC4B00F4C20B /* Foundation.framework in Frameworks */ = {isa = PBXBuildFile; fileRef = 44353DCD1C6FEC4B00F4C20B /* Foundation.framework */; };
		44353DDC1C6FEE2300F4C20B /* SessionController.m in Sources */ = {isa = PBXBuildFile; fileRef = 44353DDB1C6FEE2300F4C20B /* SessionController.m */; };
/* End PBXBuildFile section */

/* Begin PBXContainerItemProxy section */
		44353DAC1C6FEB2500F4C20B /* PBXContainerItemProxy */ = {
			isa = PBXContainerItemProxy;
			containerPortal = 44353D8A1C6FEB2500F4C20B /* Project object */;
			proxyType = 1;
			remoteGlobalIDString = 44353D911C6FEB2500F4C20B;
			remoteInfo = viewtestingremote;
		};
		44353DB71C6FEB2500F4C20B /* PBXContainerItemProxy */ = {
			isa = PBXContainerItemProxy;
			containerPortal = 44353D8A1C6FEB2500F4C20B /* Project object */;
			proxyType = 1;
			remoteGlobalIDString = 44353D911C6FEB2500F4C20B;
			remoteInfo = viewtestingremote;
		};
/* End PBXContainerItemProxy section */

/* Begin PBXFileReference section */
		44353D921C6FEB2500F4C20B /* viewtestingremote.app */ = {isa = PBXFileReference; explicitFileType = wrapper.application; includeInIndex = 0; path = viewtestingremote.app; sourceTree = BUILT_PRODUCTS_DIR; };
		44353D961C6FEB2500F4C20B /* main.m */ = {isa = PBXFileReference; lastKnownFileType = sourcecode.c.objc; path = main.m; sourceTree = "<group>"; };
		44353D981C6FEB2500F4C20B /* AppDelegate.h */ = {isa = PBXFileReference; lastKnownFileType = sourcecode.c.h; path = AppDelegate.h; sourceTree = "<group>"; };
		44353D991C6FEB2500F4C20B /* AppDelegate.m */ = {isa = PBXFileReference; lastKnownFileType = sourcecode.c.objc; path = AppDelegate.m; sourceTree = "<group>"; };
		44353D9B1C6FEB2500F4C20B /* ViewController.h */ = {isa = PBXFileReference; lastKnownFileType = sourcecode.c.h; path = ViewController.h; sourceTree = "<group>"; };
		44353D9C1C6FEB2500F4C20B /* ViewController.m */ = {isa = PBXFileReference; lastKnownFileType = sourcecode.c.objc; path = ViewController.m; sourceTree = "<group>"; };
		44353D9F1C6FEB2500F4C20B /* Base */ = {isa = PBXFileReference; lastKnownFileType = file.storyboard; name = Base; path = Base.lproj/Main.storyboard; sourceTree = "<group>"; };
		44353DA11C6FEB2500F4C20B /* Assets.xcassets */ = {isa = PBXFileReference; lastKnownFileType = folder.assetcatalog; path = Assets.xcassets; sourceTree = "<group>"; };
		44353DA41C6FEB2500F4C20B /* Base */ = {isa = PBXFileReference; lastKnownFileType = file.storyboard; name = Base; path = Base.lproj/LaunchScreen.storyboard; sourceTree = "<group>"; };
		44353DA61C6FEB2500F4C20B /* Info.plist */ = {isa = PBXFileReference; lastKnownFileType = text.plist.xml; path = Info.plist; sourceTree = "<group>"; };
		44353DAB1C6FEB2500F4C20B /* viewtestingremoteTests.xctest */ = {isa = PBXFileReference; explicitFileType = wrapper.cfbundle; includeInIndex = 0; path = viewtestingremoteTests.xctest; sourceTree = BUILT_PRODUCTS_DIR; };
		44353DAF1C6FEB2500F4C20B /* viewtestingremoteTests.m */ = {isa = PBXFileReference; lastKnownFileType = sourcecode.c.objc; path = viewtestingremoteTests.m; sourceTree = "<group>"; };
		44353DB11C6FEB2500F4C20B /* Info.plist */ = {isa = PBXFileReference; lastKnownFileType = text.plist.xml; path = Info.plist; sourceTree = "<group>"; };
		44353DB61C6FEB2500F4C20B /* viewtestingremoteUITests.xctest */ = {isa = PBXFileReference; explicitFileType = wrapper.cfbundle; includeInIndex = 0; path = viewtestingremoteUITests.xctest; sourceTree = BUILT_PRODUCTS_DIR; };
		44353DBA1C6FEB2500F4C20B /* viewtestingremoteUITests.m */ = {isa = PBXFileReference; lastKnownFileType = sourcecode.c.objc; path = viewtestingremoteUITests.m; sourceTree = "<group>"; };
		44353DBC1C6FEB2500F4C20B /* Info.plist */ = {isa = PBXFileReference; lastKnownFileType = text.plist.xml; path = Info.plist; sourceTree = "<group>"; };
		44353DC91C6FEC3100F4C20B /* MultipeerConnectivity.framework */ = {isa = PBXFileReference; lastKnownFileType = wrapper.framework; name = MultipeerConnectivity.framework; path = System/Library/Frameworks/MultipeerConnectivity.framework; sourceTree = SDKROOT; };
		44353DCB1C6FEC4300F4C20B /* UIKit.framework */ = {isa = PBXFileReference; lastKnownFileType = wrapper.framework; name = UIKit.framework; path = System/Library/Frameworks/UIKit.framework; sourceTree = SDKROOT; };
		44353DCD1C6FEC4B00F4C20B /* Foundation.framework */ = {isa = PBXFileReference; lastKnownFileType = wrapper.framework; name = Foundation.framework; path = System/Library/Frameworks/Foundation.framework; sourceTree = SDKROOT; };
		44353DD91C6FED8D00F4C20B /* PrefixHeader.pch */ = {isa = PBXFileReference; fileEncoding = 4; lastKnownFileType = sourcecode.c.h; path = PrefixHeader.pch; sourceTree = "<group>"; };
		44353DDA1C6FEE2300F4C20B /* SessionController.h */ = {isa = PBXFileReference; fileEncoding = 4; lastKnownFileType = sourcecode.c.h; name = SessionController.h; path = ../../../playLoteria/playLoteria/SessionController.h; sourceTree = "<group>"; };
		44353DDB1C6FEE2300F4C20B /* SessionController.m */ = {isa = PBXFileReference; fileEncoding = 4; lastKnownFileType = sourcecode.c.objc; name = SessionController.m; path = ../../../playLoteria/playLoteria/SessionController.m; sourceTree = "<group>"; };
/* End PBXFileReference section */

/* Begin PBXFrameworksBuildPhase section */
		44353D8F1C6FEB2500F4C20B /* Frameworks */ = {
			isa = PBXFrameworksBuildPhase;
			buildActionMask = 2147483647;
			files = (
				44353DCE1C6FEC4B00F4C20B /* Foundation.framework in Frameworks */,
				44353DCC1C6FEC4300F4C20B /* UIKit.framework in Frameworks */,
				44353DCA1C6FEC3100F4C20B /* MultipeerConnectivity.framework in Frameworks */,
			);
			runOnlyForDeploymentPostprocessing = 0;
		};
		44353DA81C6FEB2500F4C20B /* Frameworks */ = {
			isa = PBXFrameworksBuildPhase;
			buildActionMask = 2147483647;
			files = (
			);
			runOnlyForDeploymentPostprocessing = 0;
		};
		44353DB31C6FEB2500F4C20B /* Frameworks */ = {
			isa = PBXFrameworksBuildPhase;
			buildActionMask = 2147483647;
			files = (
			);
			runOnlyForDeploymentPostprocessing = 0;
		};
/* End PBXFrameworksBuildPhase section */

/* Begin PBXGroup section */
		44353D891C6FEB2500F4C20B = {
			isa = PBXGroup;
			children = (
				44353DCD1C6FEC4B00F4C20B /* Foundation.framework */,
				44353DCB1C6FEC4300F4C20B /* UIKit.framework */,
				44353DC91C6FEC3100F4C20B /* MultipeerConnectivity.framework */,
				44353D941C6FEB2500F4C20B /* viewtestingremote */,
				44353DAE1C6FEB2500F4C20B /* viewtestingremoteTests */,
				44353DB91C6FEB2500F4C20B /* viewtestingremoteUITests */,
				44353D931C6FEB2500F4C20B /* Products */,
			);
			sourceTree = "<group>";
		};
		44353D931C6FEB2500F4C20B /* Products */ = {
			isa = PBXGroup;
			children = (
				44353D921C6FEB2500F4C20B /* viewtestingremote.app */,
				44353DAB1C6FEB2500F4C20B /* viewtestingremoteTests.xctest */,
				44353DB61C6FEB2500F4C20B /* viewtestingremoteUITests.xctest */,
			);
			name = Products;
			sourceTree = "<group>";
		};
		44353D941C6FEB2500F4C20B /* viewtestingremote */ = {
			isa = PBXGroup;
			children = (
				44353DDA1C6FEE2300F4C20B /* SessionController.h */,
				44353DDB1C6FEE2300F4C20B /* SessionController.m */,
				44353D981C6FEB2500F4C20B /* AppDelegate.h */,
				44353D991C6FEB2500F4C20B /* AppDelegate.m */,
				44353D9B1C6FEB2500F4C20B /* ViewController.h */,
				44353D9C1C6FEB2500F4C20B /* ViewController.m */,
				44353D9E1C6FEB2500F4C20B /* Main.storyboard */,
				44353DA11C6FEB2500F4C20B /* Assets.xcassets */,
				44353DA31C6FEB2500F4C20B /* LaunchScreen.storyboard */,
				44353DA61C6FEB2500F4C20B /* Info.plist */,
				44353D951C6FEB2500F4C20B /* Supporting Files */,
			);
			path = viewtestingremote;
			sourceTree = "<group>";
		};
		44353D951C6FEB2500F4C20B /* Supporting Files */ = {
			isa = PBXGroup;
			children = (
				44353D961C6FEB2500F4C20B /* main.m */,
				44353DD91C6FED8D00F4C20B /* PrefixHeader.pch */,
			);
			name = "Supporting Files";
			sourceTree = "<group>";
		};
		44353DAE1C6FEB2500F4C20B /* viewtestingremoteTests */ = {
			isa = PBXGroup;
			children = (
				44353DAF1C6FEB2500F4C20B /* viewtestingremoteTests.m */,
				44353DB11C6FEB2500F4C20B /* Info.plist */,
			);
			path = viewtestingremoteTests;
			sourceTree = "<group>";
		};
		44353DB91C6FEB2500F4C20B /* viewtestingremoteUITests */ = {
			isa = PBXGroup;
			children = (
				44353DBA1C6FEB2500F4C20B /* viewtestingremoteUITests.m */,
				44353DBC1C6FEB2500F4C20B /* Info.plist */,
			);
			path = viewtestingremoteUITests;
			sourceTree = "<group>";
		};
/* End PBXGroup section */

/* Begin PBXNativeTarget section */
		44353D911C6FEB2500F4C20B /* viewtestingremote */ = {
			isa = PBXNativeTarget;
			buildConfigurationList = 44353DBF1C6FEB2500F4C20B /* Build configuration list for PBXNativeTarget "viewtestingremote" */;
			buildPhases = (
				44353D8E1C6FEB2500F4C20B /* Sources */,
				44353D8F1C6FEB2500F4C20B /* Frameworks */,
				44353D901C6FEB2500F4C20B /* Resources */,
			);
			buildRules = (
			);
			dependencies = (
			);
			name = viewtestingremote;
			productName = viewtestingremote;
			productReference = 44353D921C6FEB2500F4C20B /* viewtestingremote.app */;
			productType = "com.apple.product-type.application";
		};
		44353DAA1C6FEB2500F4C20B /* viewtestingremoteTests */ = {
			isa = PBXNativeTarget;
			buildConfigurationList = 44353DC21C6FEB2500F4C20B /* Build configuration list for PBXNativeTarget "viewtestingremoteTests" */;
			buildPhases = (
				44353DA71C6FEB2500F4C20B /* Sources */,
				44353DA81C6FEB2500F4C20B /* Frameworks */,
				44353DA91C6FEB2500F4C20B /* Resources */,
			);
			buildRules = (
			);
			dependencies = (
				44353DAD1C6FEB2500F4C20B /* PBXTargetDependency */,
			);
			name = viewtestingremoteTests;
			productName = viewtestingremoteTests;
			productReference = 44353DAB1C6FEB2500F4C20B /* viewtestingremoteTests.xctest */;
			productType = "com.apple.product-type.bundle.unit-test";
		};
		44353DB51C6FEB2500F4C20B /* viewtestingremoteUITests */ = {
			isa = PBXNativeTarget;
			buildConfigurationList = 44353DC51C6FEB2500F4C20B /* Build configuration list for PBXNativeTarget "viewtestingremoteUITests" */;
			buildPhases = (
				44353DB21C6FEB2500F4C20B /* Sources */,
				44353DB31C6FEB2500F4C20B /* Frameworks */,
				44353DB41C6FEB2500F4C20B /* Resources */,
			);
			buildRules = (
			);
			dependencies = (
				44353DB81C6FEB2500F4C20B /* PBXTargetDependency */,
			);
			name = viewtestingremoteUITests;
			productName = viewtestingremoteUITests;
			productReference = 44353DB61C6FEB2500F4C20B /* viewtestingremoteUITests.xctest */;
			productType = "com.apple.product-type.bundle.ui-testing";
		};
/* End PBXNativeTarget section */

/* Begin PBXProject section */
		44353D8A1C6FEB2500F4C20B /* Project object */ = {
			isa = PBXProject;
			attributes = {
				LastUpgradeCheck = 0720;
				ORGANIZATIONNAME = "Cache me if you can";
				TargetAttributes = {
					44353D911C6FEB2500F4C20B = {
						CreatedOnToolsVersion = 7.2.1;
					};
					44353DAA1C6FEB2500F4C20B = {
						CreatedOnToolsVersion = 7.2.1;
						TestTargetID = 44353D911C6FEB2500F4C20B;
					};
					44353DB51C6FEB2500F4C20B = {
						CreatedOnToolsVersion = 7.2.1;
						TestTargetID = 44353D911C6FEB2500F4C20B;
					};
				};
			};
			buildConfigurationList = 44353D8D1C6FEB2500F4C20B /* Build configuration list for PBXProject "viewtestingremote" */;
			compatibilityVersion = "Xcode 3.2";
			developmentRegion = English;
			hasScannedForEncodings = 0;
			knownRegions = (
				en,
				Base,
			);
			mainGroup = 44353D891C6FEB2500F4C20B;
			productRefGroup = 44353D931C6FEB2500F4C20B /* Products */;
			projectDirPath = "";
			projectRoot = "";
			targets = (
				44353D911C6FEB2500F4C20B /* viewtestingremote */,
				44353DAA1C6FEB2500F4C20B /* viewtestingremoteTests */,
				44353DB51C6FEB2500F4C20B /* viewtestingremoteUITests */,
			);
		};
/* End PBXProject section */

/* Begin PBXResourcesBuildPhase section */
		44353D901C6FEB2500F4C20B /* Resources */ = {
			isa = PBXResourcesBuildPhase;
			buildActionMask = 2147483647;
			files = (
				44353DA51C6FEB2500F4C20B /* LaunchScreen.storyboard in Resources */,
				44353DA21C6FEB2500F4C20B /* Assets.xcassets in Resources */,
				44353DA01C6FEB2500F4C20B /* Main.storyboard in Resources */,
			);
			runOnlyForDeploymentPostprocessing = 0;
		};
		44353DA91C6FEB2500F4C20B /* Resources */ = {
			isa = PBXResourcesBuildPhase;
			buildActionMask = 2147483647;
			files = (
			);
			runOnlyForDeploymentPostprocessing = 0;
		};
		44353DB41C6FEB2500F4C20B /* Resources */ = {
			isa = PBXResourcesBuildPhase;
			buildActionMask = 2147483647;
			files = (
			);
			runOnlyForDeploymentPostprocessing = 0;
		};
/* End PBXResourcesBuildPhase section */

/* Begin PBXSourcesBuildPhase section */
		44353D8E1C6FEB2500F4C20B /* Sources */ = {
			isa = PBXSourcesBuildPhase;
			buildActionMask = 2147483647;
			files = (
				44353D9D1C6FEB2500F4C20B /* ViewController.m in Sources */,
				44353D9A1C6FEB2500F4C20B /* AppDelegate.m in Sources */,
				44353DDC1C6FEE2300F4C20B /* SessionController.m in Sources */,
				44353D971C6FEB2500F4C20B /* main.m in Sources */,
			);
			runOnlyForDeploymentPostprocessing = 0;
		};
		44353DA71C6FEB2500F4C20B /* Sources */ = {
			isa = PBXSourcesBuildPhase;
			buildActionMask = 2147483647;
			files = (
				44353DB01C6FEB2500F4C20B /* viewtestingremoteTests.m in Sources */,
			);
			runOnlyForDeploymentPostprocessing = 0;
		};
		44353DB21C6FEB2500F4C20B /* Sources */ = {
			isa = PBXSourcesBuildPhase;
			buildActionMask = 2147483647;
			files = (
				44353DBB1C6FEB2500F4C20B /* viewtestingremoteUITests.m in Sources */,
			);
			runOnlyForDeploymentPostprocessing = 0;
		};
/* End PBXSourcesBuildPhase section */

/* Begin PBXTargetDependency section */
		44353DAD1C6FEB2500F4C20B /* PBXTargetDependency */ = {
			isa = PBXTargetDependency;
			target = 44353D911C6FEB2500F4C20B /* viewtestingremote */;
			targetProxy = 44353DAC1C6FEB2500F4C20B /* PBXContainerItemProxy */;
		};
		44353DB81C6FEB2500F4C20B /* PBXTargetDependency */ = {
			isa = PBXTargetDependency;
			target = 44353D911C6FEB2500F4C20B /* viewtestingremote */;
			targetProxy = 44353DB71C6FEB2500F4C20B /* PBXContainerItemProxy */;
		};
/* End PBXTargetDependency section */

/* Begin PBXVariantGroup section */
		44353D9E1C6FEB2500F4C20B /* Main.storyboard */ = {
			isa = PBXVariantGroup;
			children = (
				44353D9F1C6FEB2500F4C20B /* Base */,
			);
			name = Main.storyboard;
			sourceTree = "<group>";
		};
		44353DA31C6FEB2500F4C20B /* LaunchScreen.storyboard */ = {
			isa = PBXVariantGroup;
			children = (
				44353DA41C6FEB2500F4C20B /* Base */,
			);
			name = LaunchScreen.storyboard;
			sourceTree = "<group>";
		};
/* End PBXVariantGroup section */

/* Begin XCBuildConfiguration section */
		44353DBD1C6FEB2500F4C20B /* Debug */ = {
			isa = XCBuildConfiguration;
			buildSettings = {
				ALWAYS_SEARCH_USER_PATHS = NO;
				CLANG_CXX_LANGUAGE_STANDARD = "gnu++0x";
				CLANG_CXX_LIBRARY = "libc++";
				CLANG_ENABLE_MODULES = YES;
				CLANG_ENABLE_OBJC_ARC = YES;
				CLANG_WARN_BOOL_CONVERSION = YES;
				CLANG_WARN_CONSTANT_CONVERSION = YES;
				CLANG_WARN_DIRECT_OBJC_ISA_USAGE = YES_ERROR;
				CLANG_WARN_EMPTY_BODY = YES;
				CLANG_WARN_ENUM_CONVERSION = YES;
				CLANG_WARN_INT_CONVERSION = YES;
				CLANG_WARN_OBJC_ROOT_CLASS = YES_ERROR;
				CLANG_WARN_UNREACHABLE_CODE = YES;
				CLANG_WARN__DUPLICATE_METHOD_MATCH = YES;
				"CODE_SIGN_IDENTITY[sdk=iphoneos*]" = "iPhone Developer";
				COPY_PHASE_STRIP = NO;
				DEBUG_INFORMATION_FORMAT = dwarf;
				ENABLE_STRICT_OBJC_MSGSEND = YES;
				ENABLE_TESTABILITY = YES;
				GCC_C_LANGUAGE_STANDARD = gnu99;
				GCC_DYNAMIC_NO_PIC = NO;
				GCC_NO_COMMON_BLOCKS = YES;
				GCC_OPTIMIZATION_LEVEL = 0;
				GCC_PREPROCESSOR_DEFINITIONS = (
					"DEBUG=1",
					"$(inherited)",
				);
				GCC_WARN_64_TO_32_BIT_CONVERSION = YES;
				GCC_WARN_ABOUT_RETURN_TYPE = YES_ERROR;
				GCC_WARN_UNDECLARED_SELECTOR = YES;
				GCC_WARN_UNINITIALIZED_AUTOS = YES_AGGRESSIVE;
				GCC_WARN_UNUSED_FUNCTION = YES;
				GCC_WARN_UNUSED_VARIABLE = YES;
				IPHONEOS_DEPLOYMENT_TARGET = 9.2;
				MTL_ENABLE_DEBUG_INFO = YES;
				ONLY_ACTIVE_ARCH = YES;
				SDKROOT = iphoneos;
				TARGETED_DEVICE_FAMILY = "1,2";
			};
			name = Debug;
		};
		44353DBE1C6FEB2500F4C20B /* Release */ = {
			isa = XCBuildConfiguration;
			buildSettings = {
				ALWAYS_SEARCH_USER_PATHS = NO;
				CLANG_CXX_LANGUAGE_STANDARD = "gnu++0x";
				CLANG_CXX_LIBRARY = "libc++";
				CLANG_ENABLE_MODULES = YES;
				CLANG_ENABLE_OBJC_ARC = YES;
				CLANG_WARN_BOOL_CONVERSION = YES;
				CLANG_WARN_CONSTANT_CONVERSION = YES;
				CLANG_WARN_DIRECT_OBJC_ISA_USAGE = YES_ERROR;
				CLANG_WARN_EMPTY_BODY = YES;
				CLANG_WARN_ENUM_CONVERSION = YES;
				CLANG_WARN_INT_CONVERSION = YES;
				CLANG_WARN_OBJC_ROOT_CLASS = YES_ERROR;
				CLANG_WARN_UNREACHABLE_CODE = YES;
				CLANG_WARN__DUPLICATE_METHOD_MATCH = YES;
				"CODE_SIGN_IDENTITY[sdk=iphoneos*]" = "iPhone Developer";
				COPY_PHASE_STRIP = NO;
				DEBUG_INFORMATION_FORMAT = "dwarf-with-dsym";
				ENABLE_NS_ASSERTIONS = NO;
				ENABLE_STRICT_OBJC_MSGSEND = YES;
				GCC_C_LANGUAGE_STANDARD = gnu99;
				GCC_NO_COMMON_BLOCKS = YES;
				GCC_WARN_64_TO_32_BIT_CONVERSION = YES;
				GCC_WARN_ABOUT_RETURN_TYPE = YES_ERROR;
				GCC_WARN_UNDECLARED_SELECTOR = YES;
				GCC_WARN_UNINITIALIZED_AUTOS = YES_AGGRESSIVE;
				GCC_WARN_UNUSED_FUNCTION = YES;
				GCC_WARN_UNUSED_VARIABLE = YES;
				IPHONEOS_DEPLOYMENT_TARGET = 9.2;
				MTL_ENABLE_DEBUG_INFO = NO;
				SDKROOT = iphoneos;
				TARGETED_DEVICE_FAMILY = "1,2";
				VALIDATE_PRODUCT = YES;
			};
			name = Release;
		};
		44353DC01C6FEB2500F4C20B /* Debug */ = {
			isa = XCBuildConfiguration;
			buildSettings = {
				ASSETCATALOG_COMPILER_APPICON_NAME = AppIcon;
				GCC_PRECOMPILE_PREFIX_HEADER = YES;
				GCC_PREFIX_HEADER = viewtestingremote/PrefixHeader.pch;
				INFOPLIST_FILE = viewtestingremote/Info.plist;
				IPHONEOS_DEPLOYMENT_TARGET = 8.4;
				LD_RUNPATH_SEARCH_PATHS = "$(inherited) @executable_path/Frameworks";
				PRODUCT_BUNDLE_IDENTIFIER = nquezada.viewtestingremote;
				PRODUCT_NAME = "$(TARGET_NAME)";
				TARGETED_DEVICE_FAMILY = 1;
			};
			name = Debug;
		};
		44353DC11C6FEB2500F4C20B /* Release */ = {
			isa = XCBuildConfiguration;
			buildSettings = {
				ASSETCATALOG_COMPILER_APPICON_NAME = AppIcon;
				GCC_PRECOMPILE_PREFIX_HEADER = YES;
				GCC_PREFIX_HEADER = viewtestingremote/PrefixHeader.pch;
				INFOPLIST_FILE = viewtestingremote/Info.plist;
				IPHONEOS_DEPLOYMENT_TARGET = 8.4;
				LD_RUNPATH_SEARCH_PATHS = "$(inherited) @executable_path/Frameworks";
				PRODUCT_BUNDLE_IDENTIFIER = nquezada.viewtestingremote;
				PRODUCT_NAME = "$(TARGET_NAME)";
				TARGETED_DEVICE_FAMILY = 1;
			};
			name = Release;
		};
		44353DC31C6FEB2500F4C20B /* Debug */ = {
			isa = XCBuildConfiguration;
			buildSettings = {
				BUNDLE_LOADER = "$(TEST_HOST)";
				INFOPLIST_FILE = viewtestingremoteTests/Info.plist;
				LD_RUNPATH_SEARCH_PATHS = "$(inherited) @executable_path/Frameworks @loader_path/Frameworks";
				PRODUCT_BUNDLE_IDENTIFIER = nquezada.viewtestingremoteTests;
				PRODUCT_NAME = "$(TARGET_NAME)";
				TEST_HOST = "$(BUILT_PRODUCTS_DIR)/viewtestingremote.app/viewtestingremote";
			};
			name = Debug;
		};
		44353DC41C6FEB2500F4C20B /* Release */ = {
			isa = XCBuildConfiguration;
			buildSettings = {
				BUNDLE_LOADER = "$(TEST_HOST)";
				INFOPLIST_FILE = viewtestingremoteTests/Info.plist;
				LD_RUNPATH_SEARCH_PATHS = "$(inherited) @executable_path/Frameworks @loader_path/Frameworks";
				PRODUCT_BUNDLE_IDENTIFIER = nquezada.viewtestingremoteTests;
				PRODUCT_NAME = "$(TARGET_NAME)";
				TEST_HOST = "$(BUILT_PRODUCTS_DIR)/viewtestingremote.app/viewtestingremote";
			};
			name = Release;
		};
		44353DC61C6FEB2500F4C20B /* Debug */ = {
			isa = XCBuildConfiguration;
			buildSettings = {
				INFOPLIST_FILE = viewtestingremoteUITests/Info.plist;
				LD_RUNPATH_SEARCH_PATHS = "$(inherited) @executable_path/Frameworks @loader_path/Frameworks";
				PRODUCT_BUNDLE_IDENTIFIER = nquezada.viewtestingremoteUITests;
				PRODUCT_NAME = "$(TARGET_NAME)";
				TEST_TARGET_NAME = viewtestingremote;
				USES_XCTRUNNER = YES;
			};
			name = Debug;
		};
		44353DC71C6FEB2500F4C20B /* Release */ = {
			isa = XCBuildConfiguration;
			buildSettings = {
				INFOPLIST_FILE = viewtestingremoteUITests/Info.plist;
				LD_RUNPATH_SEARCH_PATHS = "$(inherited) @executable_path/Frameworks @loader_path/Frameworks";
				PRODUCT_BUNDLE_IDENTIFIER = nquezada.viewtestingremoteUITests;
				PRODUCT_NAME = "$(TARGET_NAME)";
				TEST_TARGET_NAME = viewtestingremote;
				USES_XCTRUNNER = YES;
			};
			name = Release;
		};
/* End XCBuildConfiguration section */

/* Begin XCConfigurationList section */
		44353D8D1C6FEB2500F4C20B /* Build configuration list for PBXProject "viewtestingremote" */ = {
			isa = XCConfigurationList;
			buildConfigurations = (
				44353DBD1C6FEB2500F4C20B /* Debug */,
				44353DBE1C6FEB2500F4C20B /* Release */,
			);
			defaultConfigurationIsVisible = 0;
			defaultConfigurationName = Release;
		};
		44353DBF1C6FEB2500F4C20B /* Build configuration list for PBXNativeTarget "viewtestingremote" */ = {
			isa = XCConfigurationList;
			buildConfigurations = (
				44353DC01C6FEB2500F4C20B /* Debug */,
				44353DC11C6FEB2500F4C20B /* Release */,
			);
			defaultConfigurationIsVisible = 0;
		};
		44353DC21C6FEB2500F4C20B /* Build configuration list for PBXNativeTarget "viewtestingremoteTests" */ = {
			isa = XCConfigurationList;
			buildConfigurations = (
				44353DC31C6FEB2500F4C20B /* Debug */,
				44353DC41C6FEB2500F4C20B /* Release */,
			);
			defaultConfigurationIsVisible = 0;
		};
		44353DC51C6FEB2500F4C20B /* Build configuration list for PBXNativeTarget "viewtestingremoteUITests" */ = {
			isa = XCConfigurationList;
			buildConfigurations = (
				44353DC61C6FEB2500F4C20B /* Debug */,
				44353DC71C6FEB2500F4C20B /* Release */,
			);
			defaultConfigurationIsVisible = 0;
		};
/* End XCConfigurationList section */
	};
	rootObject = 44353D8A1C6FEB2500F4C20B /* Project object */;
}
