// !$*UTF8*$!
{
	archiveVersion = 1;
	classes = {
	};
	objectVersion = 46;
	objects = {

/* Begin PBXBuildFile section */
		2A5AB5BB1C70487200E35945 /* LoginWithAmazon.framework in Frameworks */ = {isa = PBXBuildFile; fileRef = 2A5AB5BA1C70487200E35945 /* LoginWithAmazon.framework */; };
		2A5AB5BD1C704E9500E35945 /* SafariServices.framework in Frameworks */ = {isa = PBXBuildFile; fileRef = 2A5AB5BC1C704E9500E35945 /* SafariServices.framework */; };
		44353D391C6FD7CE00F4C20B /* main.m in Sources */ = {isa = PBXBuildFile; fileRef = 44353D381C6FD7CE00F4C20B /* main.m */; };
		44353D3C1C6FD7CE00F4C20B /* AppDelegate.m in Sources */ = {isa = PBXBuildFile; fileRef = 44353D3B1C6FD7CE00F4C20B /* AppDelegate.m */; };
		44353D3F1C6FD7CE00F4C20B /* InstructionsViewController.m in Sources */ = {isa = PBXBuildFile; fileRef = 44353D3E1C6FD7CE00F4C20B /* InstructionsViewController.m */; };
		44353D421C6FD7CE00F4C20B /* Main.storyboard in Resources */ = {isa = PBXBuildFile; fileRef = 44353D401C6FD7CE00F4C20B /* Main.storyboard */; };
		44353D441C6FD7CE00F4C20B /* Assets.xcassets in Resources */ = {isa = PBXBuildFile; fileRef = 44353D431C6FD7CE00F4C20B /* Assets.xcassets */; };
		44353D471C6FD7CE00F4C20B /* LaunchScreen.storyboard in Resources */ = {isa = PBXBuildFile; fileRef = 44353D451C6FD7CE00F4C20B /* LaunchScreen.storyboard */; };
		44353D521C6FD7CE00F4C20B /* visiontestingTests.m in Sources */ = {isa = PBXBuildFile; fileRef = 44353D511C6FD7CE00F4C20B /* visiontestingTests.m */; };
		44353D5D1C6FD7CF00F4C20B /* visiontestingUITests.m in Sources */ = {isa = PBXBuildFile; fileRef = 44353D5C1C6FD7CF00F4C20B /* visiontestingUITests.m */; };
		44353D6E1C6FDFA400F4C20B /* Bolts.framework in Frameworks */ = {isa = PBXBuildFile; fileRef = 44353D6C1C6FDFA400F4C20B /* Bolts.framework */; };
		44353D6F1C6FDFA400F4C20B /* Parse.framework in Frameworks */ = {isa = PBXBuildFile; fileRef = 44353D6D1C6FDFA400F4C20B /* Parse.framework */; };
		44353D711C6FE02400F4C20B /* AudioToolbox.framework in Frameworks */ = {isa = PBXBuildFile; fileRef = 44353D701C6FE02400F4C20B /* AudioToolbox.framework */; };
		44353D731C6FE02C00F4C20B /* CFNetwork.framework in Frameworks */ = {isa = PBXBuildFile; fileRef = 44353D721C6FE02C00F4C20B /* CFNetwork.framework */; };
		44353D751C6FE04000F4C20B /* CoreGraphics.framework in Frameworks */ = {isa = PBXBuildFile; fileRef = 44353D741C6FE04000F4C20B /* CoreGraphics.framework */; };
		44353D771C6FE04700F4C20B /* CoreLocation.framework in Frameworks */ = {isa = PBXBuildFile; fileRef = 44353D761C6FE04700F4C20B /* CoreLocation.framework */; };
		44353D791C6FE04D00F4C20B /* QuartzCore.framework in Frameworks */ = {isa = PBXBuildFile; fileRef = 44353D781C6FE04D00F4C20B /* QuartzCore.framework */; };
		44353D7B1C6FE05400F4C20B /* Security.framework in Frameworks */ = {isa = PBXBuildFile; fileRef = 44353D7A1C6FE05400F4C20B /* Security.framework */; };
		44353D7D1C6FE05A00F4C20B /* StoreKit.framework in Frameworks */ = {isa = PBXBuildFile; fileRef = 44353D7C1C6FE05A00F4C20B /* StoreKit.framework */; };
		44353D7F1C6FE06200F4C20B /* SystemConfiguration.framework in Frameworks */ = {isa = PBXBuildFile; fileRef = 44353D7E1C6FE06200F4C20B /* SystemConfiguration.framework */; };
		44353D811C6FE06F00F4C20B /* libz.tbd in Frameworks */ = {isa = PBXBuildFile; fileRef = 44353D801C6FE06F00F4C20B /* libz.tbd */; };
		44353D831C6FE07C00F4C20B /* libsqlite3.tbd in Frameworks */ = {isa = PBXBuildFile; fileRef = 44353D821C6FE07C00F4C20B /* libsqlite3.tbd */; };
		44353D851C6FE45400F4C20B /* Parse in Resources */ = {isa = PBXBuildFile; fileRef = 44353D841C6FE45400F4C20B /* Parse */; };
		44353D881C6FEA9500F4C20B /* PairingViewController.m in Sources */ = {isa = PBXBuildFile; fileRef = 44353D871C6FEA9500F4C20B /* PairingViewController.m */; };
		44353DD01C6FEC7200F4C20B /* UIKit.framework in Frameworks */ = {isa = PBXBuildFile; fileRef = 44353DCF1C6FEC7100F4C20B /* UIKit.framework */; };
		44353DD21C6FEC7D00F4C20B /* Foundation.framework in Frameworks */ = {isa = PBXBuildFile; fileRef = 44353DD11C6FEC7D00F4C20B /* Foundation.framework */; };
		44353DD41C6FEC8A00F4C20B /* MultipeerConnectivity.framework in Frameworks */ = {isa = PBXBuildFile; fileRef = 44353DD31C6FEC8A00F4C20B /* MultipeerConnectivity.framework */; };
		44353DE21C6FF40E00F4C20B /* SessionController.m in Sources */ = {isa = PBXBuildFile; fileRef = 44353DE11C6FF40E00F4C20B /* SessionController.m */; };
		44353DE81C6FFAE000F4C20B /* FindRemoteViewController.m in Sources */ = {isa = PBXBuildFile; fileRef = 44353DE71C6FFAE000F4C20B /* FindRemoteViewController.m */; };
/* End PBXBuildFile section */

/* Begin PBXContainerItemProxy section */
		44353D4E1C6FD7CE00F4C20B /* PBXContainerItemProxy */ = {
			isa = PBXContainerItemProxy;
			containerPortal = 44353D2C1C6FD7CE00F4C20B /* Project object */;
			proxyType = 1;
			remoteGlobalIDString = 44353D331C6FD7CE00F4C20B;
			remoteInfo = visiontesting;
		};
		44353D591C6FD7CF00F4C20B /* PBXContainerItemProxy */ = {
			isa = PBXContainerItemProxy;
			containerPortal = 44353D2C1C6FD7CE00F4C20B /* Project object */;
			proxyType = 1;
			remoteGlobalIDString = 44353D331C6FD7CE00F4C20B;
			remoteInfo = visiontesting;
		};
/* End PBXContainerItemProxy section */

/* Begin PBXFileReference section */
		2A5AB5BA1C70487200E35945 /* LoginWithAmazon.framework */ = {isa = PBXFileReference; lastKnownFileType = wrapper.framework; name = LoginWithAmazon.framework; path = ../../../../Downloads/LoginWithAmazon/LoginWithAmazon.framework; sourceTree = "<group>"; };
		2A5AB5BC1C704E9500E35945 /* SafariServices.framework */ = {isa = PBXFileReference; lastKnownFileType = wrapper.framework; name = SafariServices.framework; path = System/Library/Frameworks/SafariServices.framework; sourceTree = SDKROOT; };
		44353D341C6FD7CE00F4C20B /* visiontesting.app */ = {isa = PBXFileReference; explicitFileType = wrapper.application; includeInIndex = 0; path = visiontesting.app; sourceTree = BUILT_PRODUCTS_DIR; };
		44353D381C6FD7CE00F4C20B /* main.m */ = {isa = PBXFileReference; lastKnownFileType = sourcecode.c.objc; path = main.m; sourceTree = "<group>"; };
		44353D3A1C6FD7CE00F4C20B /* AppDelegate.h */ = {isa = PBXFileReference; lastKnownFileType = sourcecode.c.h; path = AppDelegate.h; sourceTree = "<group>"; };
		44353D3B1C6FD7CE00F4C20B /* AppDelegate.m */ = {isa = PBXFileReference; lastKnownFileType = sourcecode.c.objc; path = AppDelegate.m; sourceTree = "<group>"; };
		44353D3D1C6FD7CE00F4C20B /* InstructionsViewController.h */ = {isa = PBXFileReference; lastKnownFileType = sourcecode.c.h; path = InstructionsViewController.h; sourceTree = "<group>"; };
		44353D3E1C6FD7CE00F4C20B /* InstructionsViewController.m */ = {isa = PBXFileReference; lastKnownFileType = sourcecode.c.objc; path = InstructionsViewController.m; sourceTree = "<group>"; };
		44353D411C6FD7CE00F4C20B /* Base */ = {isa = PBXFileReference; lastKnownFileType = file.storyboard; name = Base; path = Base.lproj/Main.storyboard; sourceTree = "<group>"; };
		44353D431C6FD7CE00F4C20B /* Assets.xcassets */ = {isa = PBXFileReference; lastKnownFileType = folder.assetcatalog; path = Assets.xcassets; sourceTree = "<group>"; };
		44353D461C6FD7CE00F4C20B /* Base */ = {isa = PBXFileReference; lastKnownFileType = file.storyboard; name = Base; path = Base.lproj/LaunchScreen.storyboard; sourceTree = "<group>"; };
		44353D481C6FD7CE00F4C20B /* Info.plist */ = {isa = PBXFileReference; lastKnownFileType = text.plist.xml; path = Info.plist; sourceTree = "<group>"; };
		44353D4D1C6FD7CE00F4C20B /* visiontestingTests.xctest */ = {isa = PBXFileReference; explicitFileType = wrapper.cfbundle; includeInIndex = 0; path = visiontestingTests.xctest; sourceTree = BUILT_PRODUCTS_DIR; };
		44353D511C6FD7CE00F4C20B /* visiontestingTests.m */ = {isa = PBXFileReference; lastKnownFileType = sourcecode.c.objc; path = visiontestingTests.m; sourceTree = "<group>"; };
		44353D531C6FD7CE00F4C20B /* Info.plist */ = {isa = PBXFileReference; lastKnownFileType = text.plist.xml; path = Info.plist; sourceTree = "<group>"; };
		44353D581C6FD7CF00F4C20B /* visiontestingUITests.xctest */ = {isa = PBXFileReference; explicitFileType = wrapper.cfbundle; includeInIndex = 0; path = visiontestingUITests.xctest; sourceTree = BUILT_PRODUCTS_DIR; };
		44353D5C1C6FD7CF00F4C20B /* visiontestingUITests.m */ = {isa = PBXFileReference; lastKnownFileType = sourcecode.c.objc; path = visiontestingUITests.m; sourceTree = "<group>"; };
		44353D5E1C6FD7CF00F4C20B /* Info.plist */ = {isa = PBXFileReference; lastKnownFileType = text.plist.xml; path = Info.plist; sourceTree = "<group>"; };
		44353D6C1C6FDFA400F4C20B /* Bolts.framework */ = {isa = PBXFileReference; lastKnownFileType = wrapper.framework; path = Bolts.framework; sourceTree = "<group>"; };
		44353D6D1C6FDFA400F4C20B /* Parse.framework */ = {isa = PBXFileReference; lastKnownFileType = wrapper.framework; path = Parse.framework; sourceTree = "<group>"; };
		44353D701C6FE02400F4C20B /* AudioToolbox.framework */ = {isa = PBXFileReference; lastKnownFileType = wrapper.framework; name = AudioToolbox.framework; path = System/Library/Frameworks/AudioToolbox.framework; sourceTree = SDKROOT; };
		44353D721C6FE02C00F4C20B /* CFNetwork.framework */ = {isa = PBXFileReference; lastKnownFileType = wrapper.framework; name = CFNetwork.framework; path = System/Library/Frameworks/CFNetwork.framework; sourceTree = SDKROOT; };
		44353D741C6FE04000F4C20B /* CoreGraphics.framework */ = {isa = PBXFileReference; lastKnownFileType = wrapper.framework; name = CoreGraphics.framework; path = System/Library/Frameworks/CoreGraphics.framework; sourceTree = SDKROOT; };
		44353D761C6FE04700F4C20B /* CoreLocation.framework */ = {isa = PBXFileReference; lastKnownFileType = wrapper.framework; name = CoreLocation.framework; path = System/Library/Frameworks/CoreLocation.framework; sourceTree = SDKROOT; };
		44353D781C6FE04D00F4C20B /* QuartzCore.framework */ = {isa = PBXFileReference; lastKnownFileType = wrapper.framework; name = QuartzCore.framework; path = System/Library/Frameworks/QuartzCore.framework; sourceTree = SDKROOT; };
		44353D7A1C6FE05400F4C20B /* Security.framework */ = {isa = PBXFileReference; lastKnownFileType = wrapper.framework; name = Security.framework; path = System/Library/Frameworks/Security.framework; sourceTree = SDKROOT; };
		44353D7C1C6FE05A00F4C20B /* StoreKit.framework */ = {isa = PBXFileReference; lastKnownFileType = wrapper.framework; name = StoreKit.framework; path = System/Library/Frameworks/StoreKit.framework; sourceTree = SDKROOT; };
		44353D7E1C6FE06200F4C20B /* SystemConfiguration.framework */ = {isa = PBXFileReference; lastKnownFileType = wrapper.framework; name = SystemConfiguration.framework; path = System/Library/Frameworks/SystemConfiguration.framework; sourceTree = SDKROOT; };
		44353D801C6FE06F00F4C20B /* libz.tbd */ = {isa = PBXFileReference; lastKnownFileType = "sourcecode.text-based-dylib-definition"; name = libz.tbd; path = usr/lib/libz.tbd; sourceTree = SDKROOT; };
		44353D821C6FE07C00F4C20B /* libsqlite3.tbd */ = {isa = PBXFileReference; lastKnownFileType = "sourcecode.text-based-dylib-definition"; name = libsqlite3.tbd; path = usr/lib/libsqlite3.tbd; sourceTree = SDKROOT; };
		44353D841C6FE45400F4C20B /* Parse */ = {isa = PBXFileReference; lastKnownFileType = folder; path = Parse; sourceTree = "<group>"; };
		44353D861C6FEA9500F4C20B /* PairingViewController.h */ = {isa = PBXFileReference; fileEncoding = 4; lastKnownFileType = sourcecode.c.h; path = PairingViewController.h; sourceTree = "<group>"; };
		44353D871C6FEA9500F4C20B /* PairingViewController.m */ = {isa = PBXFileReference; fileEncoding = 4; lastKnownFileType = sourcecode.c.objc; path = PairingViewController.m; sourceTree = "<group>"; };
		44353DCF1C6FEC7100F4C20B /* UIKit.framework */ = {isa = PBXFileReference; lastKnownFileType = wrapper.framework; name = UIKit.framework; path = System/Library/Frameworks/UIKit.framework; sourceTree = SDKROOT; };
		44353DD11C6FEC7D00F4C20B /* Foundation.framework */ = {isa = PBXFileReference; lastKnownFileType = wrapper.framework; name = Foundation.framework; path = System/Library/Frameworks/Foundation.framework; sourceTree = SDKROOT; };
		44353DD31C6FEC8A00F4C20B /* MultipeerConnectivity.framework */ = {isa = PBXFileReference; lastKnownFileType = wrapper.framework; name = MultipeerConnectivity.framework; path = System/Library/Frameworks/MultipeerConnectivity.framework; sourceTree = SDKROOT; };
		44353DD51C6FECEB00F4C20B /* PrefixHeader.pch */ = {isa = PBXFileReference; fileEncoding = 4; lastKnownFileType = sourcecode.c.h; path = PrefixHeader.pch; sourceTree = "<group>"; };
		44353DE01C6FF40E00F4C20B /* SessionController.h */ = {isa = PBXFileReference; fileEncoding = 4; lastKnownFileType = sourcecode.c.h; path = SessionController.h; sourceTree = "<group>"; };
		44353DE11C6FF40E00F4C20B /* SessionController.m */ = {isa = PBXFileReference; fileEncoding = 4; lastKnownFileType = sourcecode.c.objc; path = SessionController.m; sourceTree = "<group>"; };
		44353DE61C6FFAE000F4C20B /* FindRemoteViewController.h */ = {isa = PBXFileReference; fileEncoding = 4; lastKnownFileType = sourcecode.c.h; path = FindRemoteViewController.h; sourceTree = "<group>"; };
		44353DE71C6FFAE000F4C20B /* FindRemoteViewController.m */ = {isa = PBXFileReference; fileEncoding = 4; lastKnownFileType = sourcecode.c.objc; path = FindRemoteViewController.m; sourceTree = "<group>"; };
/* End PBXFileReference section */

/* Begin PBXFrameworksBuildPhase section */
		44353D311C6FD7CE00F4C20B /* Frameworks */ = {
			isa = PBXFrameworksBuildPhase;
			buildActionMask = 2147483647;
			files = (
				44353D751C6FE04000F4C20B /* CoreGraphics.framework in Frameworks */,
				2A5AB5BD1C704E9500E35945 /* SafariServices.framework in Frameworks */,
				44353D7B1C6FE05400F4C20B /* Security.framework in Frameworks */,
				2A5AB5BB1C70487200E35945 /* LoginWithAmazon.framework in Frameworks */,
				44353DD41C6FEC8A00F4C20B /* MultipeerConnectivity.framework in Frameworks */,
				44353DD21C6FEC7D00F4C20B /* Foundation.framework in Frameworks */,
				44353DD01C6FEC7200F4C20B /* UIKit.framework in Frameworks */,
				44353D831C6FE07C00F4C20B /* libsqlite3.tbd in Frameworks */,
				44353D811C6FE06F00F4C20B /* libz.tbd in Frameworks */,
				44353D7F1C6FE06200F4C20B /* SystemConfiguration.framework in Frameworks */,
				44353D7D1C6FE05A00F4C20B /* StoreKit.framework in Frameworks */,
				44353D791C6FE04D00F4C20B /* QuartzCore.framework in Frameworks */,
				44353D771C6FE04700F4C20B /* CoreLocation.framework in Frameworks */,
				44353D731C6FE02C00F4C20B /* CFNetwork.framework in Frameworks */,
				44353D711C6FE02400F4C20B /* AudioToolbox.framework in Frameworks */,
				44353D6F1C6FDFA400F4C20B /* Parse.framework in Frameworks */,
				44353D6E1C6FDFA400F4C20B /* Bolts.framework in Frameworks */,
			);
			runOnlyForDeploymentPostprocessing = 0;
		};
		44353D4A1C6FD7CE00F4C20B /* Frameworks */ = {
			isa = PBXFrameworksBuildPhase;
			buildActionMask = 2147483647;
			files = (
			);
			runOnlyForDeploymentPostprocessing = 0;
		};
		44353D551C6FD7CF00F4C20B /* Frameworks */ = {
			isa = PBXFrameworksBuildPhase;
			buildActionMask = 2147483647;
			files = (
			);
			runOnlyForDeploymentPostprocessing = 0;
		};
/* End PBXFrameworksBuildPhase section */

/* Begin PBXGroup section */
		44353D2B1C6FD7CE00F4C20B = {
			isa = PBXGroup;
			children = (
				44353D841C6FE45400F4C20B /* Parse */,
				44353D6B1C6FDF7E00F4C20B /* Frameworks */,
				44353D361C6FD7CE00F4C20B /* visiontesting */,
				44353D501C6FD7CE00F4C20B /* visiontestingTests */,
				44353D5B1C6FD7CF00F4C20B /* visiontestingUITests */,
				44353D351C6FD7CE00F4C20B /* Products */,
			);
			sourceTree = "<group>";
		};
		44353D351C6FD7CE00F4C20B /* Products */ = {
			isa = PBXGroup;
			children = (
				44353D341C6FD7CE00F4C20B /* visiontesting.app */,
				44353D4D1C6FD7CE00F4C20B /* visiontestingTests.xctest */,
				44353D581C6FD7CF00F4C20B /* visiontestingUITests.xctest */,
			);
			name = Products;
			sourceTree = "<group>";
		};
		44353D361C6FD7CE00F4C20B /* visiontesting */ = {
			isa = PBXGroup;
			children = (
				44353DE01C6FF40E00F4C20B /* SessionController.h */,
				44353DE11C6FF40E00F4C20B /* SessionController.m */,
				44353D3A1C6FD7CE00F4C20B /* AppDelegate.h */,
				44353D3B1C6FD7CE00F4C20B /* AppDelegate.m */,
				44353D3D1C6FD7CE00F4C20B /* InstructionsViewController.h */,
				44353D3E1C6FD7CE00F4C20B /* InstructionsViewController.m */,
				44353D401C6FD7CE00F4C20B /* Main.storyboard */,
				44353D431C6FD7CE00F4C20B /* Assets.xcassets */,
				44353D451C6FD7CE00F4C20B /* LaunchScreen.storyboard */,
				44353D481C6FD7CE00F4C20B /* Info.plist */,
				44353D371C6FD7CE00F4C20B /* Supporting Files */,
				44353D861C6FEA9500F4C20B /* PairingViewController.h */,
				44353D871C6FEA9500F4C20B /* PairingViewController.m */,
				44353DE61C6FFAE000F4C20B /* FindRemoteViewController.h */,
				44353DE71C6FFAE000F4C20B /* FindRemoteViewController.m */,
			);
			path = visiontesting;
			sourceTree = "<group>";
		};
		44353D371C6FD7CE00F4C20B /* Supporting Files */ = {
			isa = PBXGroup;
			children = (
				44353D381C6FD7CE00F4C20B /* main.m */,
				44353DD51C6FECEB00F4C20B /* PrefixHeader.pch */,
			);
			name = "Supporting Files";
			sourceTree = "<group>";
		};
		44353D501C6FD7CE00F4C20B /* visiontestingTests */ = {
			isa = PBXGroup;
			children = (
				44353D511C6FD7CE00F4C20B /* visiontestingTests.m */,
				44353D531C6FD7CE00F4C20B /* Info.plist */,
			);
			path = visiontestingTests;
			sourceTree = "<group>";
		};
		44353D5B1C6FD7CF00F4C20B /* visiontestingUITests */ = {
			isa = PBXGroup;
			children = (
				44353D5C1C6FD7CF00F4C20B /* visiontestingUITests.m */,
				44353D5E1C6FD7CF00F4C20B /* Info.plist */,
			);
			path = visiontestingUITests;
			sourceTree = "<group>";
		};
		44353D6B1C6FDF7E00F4C20B /* Frameworks */ = {
			isa = PBXGroup;
			children = (
				2A5AB5BC1C704E9500E35945 /* SafariServices.framework */,
				2A5AB5BA1C70487200E35945 /* LoginWithAmazon.framework */,
				44353DD31C6FEC8A00F4C20B /* MultipeerConnectivity.framework */,
				44353DD11C6FEC7D00F4C20B /* Foundation.framework */,
				44353DCF1C6FEC7100F4C20B /* UIKit.framework */,
				44353D821C6FE07C00F4C20B /* libsqlite3.tbd */,
				44353D801C6FE06F00F4C20B /* libz.tbd */,
				44353D7E1C6FE06200F4C20B /* SystemConfiguration.framework */,
				44353D7C1C6FE05A00F4C20B /* StoreKit.framework */,
				44353D7A1C6FE05400F4C20B /* Security.framework */,
				44353D781C6FE04D00F4C20B /* QuartzCore.framework */,
				44353D761C6FE04700F4C20B /* CoreLocation.framework */,
				44353D741C6FE04000F4C20B /* CoreGraphics.framework */,
				44353D721C6FE02C00F4C20B /* CFNetwork.framework */,
				44353D701C6FE02400F4C20B /* AudioToolbox.framework */,
				44353D6C1C6FDFA400F4C20B /* Bolts.framework */,
				44353D6D1C6FDFA400F4C20B /* Parse.framework */,
			);
			name = Frameworks;
			sourceTree = "<group>";
		};
/* End PBXGroup section */

/* Begin PBXNativeTarget section */
		44353D331C6FD7CE00F4C20B /* visiontesting */ = {
			isa = PBXNativeTarget;
			buildConfigurationList = 44353D611C6FD7CF00F4C20B /* Build configuration list for PBXNativeTarget "visiontesting" */;
			buildPhases = (
				44353D301C6FD7CE00F4C20B /* Sources */,
				44353D311C6FD7CE00F4C20B /* Frameworks */,
				44353D321C6FD7CE00F4C20B /* Resources */,
			);
			buildRules = (
			);
			dependencies = (
			);
			name = visiontesting;
			productName = visiontesting;
			productReference = 44353D341C6FD7CE00F4C20B /* visiontesting.app */;
			productType = "com.apple.product-type.application";
		};
		44353D4C1C6FD7CE00F4C20B /* visiontestingTests */ = {
			isa = PBXNativeTarget;
			buildConfigurationList = 44353D641C6FD7CF00F4C20B /* Build configuration list for PBXNativeTarget "visiontestingTests" */;
			buildPhases = (
				44353D491C6FD7CE00F4C20B /* Sources */,
				44353D4A1C6FD7CE00F4C20B /* Frameworks */,
				44353D4B1C6FD7CE00F4C20B /* Resources */,
			);
			buildRules = (
			);
			dependencies = (
				44353D4F1C6FD7CE00F4C20B /* PBXTargetDependency */,
			);
			name = visiontestingTests;
			productName = visiontestingTests;
			productReference = 44353D4D1C6FD7CE00F4C20B /* visiontestingTests.xctest */;
			productType = "com.apple.product-type.bundle.unit-test";
		};
		44353D571C6FD7CF00F4C20B /* visiontestingUITests */ = {
			isa = PBXNativeTarget;
			buildConfigurationList = 44353D671C6FD7CF00F4C20B /* Build configuration list for PBXNativeTarget "visiontestingUITests" */;
			buildPhases = (
				44353D541C6FD7CF00F4C20B /* Sources */,
				44353D551C6FD7CF00F4C20B /* Frameworks */,
				44353D561C6FD7CF00F4C20B /* Resources */,
			);
			buildRules = (
			);
			dependencies = (
				44353D5A1C6FD7CF00F4C20B /* PBXTargetDependency */,
			);
			name = visiontestingUITests;
			productName = visiontestingUITests;
			productReference = 44353D581C6FD7CF00F4C20B /* visiontestingUITests.xctest */;
			productType = "com.apple.product-type.bundle.ui-testing";
		};
/* End PBXNativeTarget section */

/* Begin PBXProject section */
		44353D2C1C6FD7CE00F4C20B /* Project object */ = {
			isa = PBXProject;
			attributes = {
				LastUpgradeCheck = 0720;
				ORGANIZATIONNAME = "Cache me if you can";
				TargetAttributes = {
					44353D331C6FD7CE00F4C20B = {
						CreatedOnToolsVersion = 7.2.1;
						DevelopmentTeam = ND57BSRCW5;
					};
					44353D4C1C6FD7CE00F4C20B = {
						CreatedOnToolsVersion = 7.2.1;
						TestTargetID = 44353D331C6FD7CE00F4C20B;
					};
					44353D571C6FD7CF00F4C20B = {
						CreatedOnToolsVersion = 7.2.1;
						TestTargetID = 44353D331C6FD7CE00F4C20B;
					};
				};
			};
			buildConfigurationList = 44353D2F1C6FD7CE00F4C20B /* Build configuration list for PBXProject "visiontesting" */;
			compatibilityVersion = "Xcode 3.2";
			developmentRegion = English;
			hasScannedForEncodings = 0;
			knownRegions = (
				en,
				Base,
			);
			mainGroup = 44353D2B1C6FD7CE00F4C20B;
			productRefGroup = 44353D351C6FD7CE00F4C20B /* Products */;
			projectDirPath = "";
			projectRoot = "";
			targets = (
				44353D331C6FD7CE00F4C20B /* visiontesting */,
				44353D4C1C6FD7CE00F4C20B /* visiontestingTests */,
				44353D571C6FD7CF00F4C20B /* visiontestingUITests */,
			);
		};
/* End PBXProject section */

/* Begin PBXResourcesBuildPhase section */
		44353D321C6FD7CE00F4C20B /* Resources */ = {
			isa = PBXResourcesBuildPhase;
			buildActionMask = 2147483647;
			files = (
				44353D851C6FE45400F4C20B /* Parse in Resources */,
				44353D471C6FD7CE00F4C20B /* LaunchScreen.storyboard in Resources */,
				44353D441C6FD7CE00F4C20B /* Assets.xcassets in Resources */,
				44353D421C6FD7CE00F4C20B /* Main.storyboard in Resources */,
			);
			runOnlyForDeploymentPostprocessing = 0;
		};
		44353D4B1C6FD7CE00F4C20B /* Resources */ = {
			isa = PBXResourcesBuildPhase;
			buildActionMask = 2147483647;
			files = (
			);
			runOnlyForDeploymentPostprocessing = 0;
		};
		44353D561C6FD7CF00F4C20B /* Resources */ = {
			isa = PBXResourcesBuildPhase;
			buildActionMask = 2147483647;
			files = (
			);
			runOnlyForDeploymentPostprocessing = 0;
		};
/* End PBXResourcesBuildPhase section */

/* Begin PBXSourcesBuildPhase section */
		44353D301C6FD7CE00F4C20B /* Sources */ = {
			isa = PBXSourcesBuildPhase;
			buildActionMask = 2147483647;
			files = (
				44353D3F1C6FD7CE00F4C20B /* InstructionsViewController.m in Sources */,
				44353D3C1C6FD7CE00F4C20B /* AppDelegate.m in Sources */,
				44353D391C6FD7CE00F4C20B /* main.m in Sources */,
				44353DE81C6FFAE000F4C20B /* FindRemoteViewController.m in Sources */,
				44353DE21C6FF40E00F4C20B /* SessionController.m in Sources */,
				44353D881C6FEA9500F4C20B /* PairingViewController.m in Sources */,
			);
			runOnlyForDeploymentPostprocessing = 0;
		};
		44353D491C6FD7CE00F4C20B /* Sources */ = {
			isa = PBXSourcesBuildPhase;
			buildActionMask = 2147483647;
			files = (
				44353D521C6FD7CE00F4C20B /* visiontestingTests.m in Sources */,
			);
			runOnlyForDeploymentPostprocessing = 0;
		};
		44353D541C6FD7CF00F4C20B /* Sources */ = {
			isa = PBXSourcesBuildPhase;
			buildActionMask = 2147483647;
			files = (
				44353D5D1C6FD7CF00F4C20B /* visiontestingUITests.m in Sources */,
			);
			runOnlyForDeploymentPostprocessing = 0;
		};
/* End PBXSourcesBuildPhase section */

/* Begin PBXTargetDependency section */
		44353D4F1C6FD7CE00F4C20B /* PBXTargetDependency */ = {
			isa = PBXTargetDependency;
			target = 44353D331C6FD7CE00F4C20B /* visiontesting */;
			targetProxy = 44353D4E1C6FD7CE00F4C20B /* PBXContainerItemProxy */;
		};
		44353D5A1C6FD7CF00F4C20B /* PBXTargetDependency */ = {
			isa = PBXTargetDependency;
			target = 44353D331C6FD7CE00F4C20B /* visiontesting */;
			targetProxy = 44353D591C6FD7CF00F4C20B /* PBXContainerItemProxy */;
		};
/* End PBXTargetDependency section */

/* Begin PBXVariantGroup section */
		44353D401C6FD7CE00F4C20B /* Main.storyboard */ = {
			isa = PBXVariantGroup;
			children = (
				44353D411C6FD7CE00F4C20B /* Base */,
			);
			name = Main.storyboard;
			sourceTree = "<group>";
		};
		44353D451C6FD7CE00F4C20B /* LaunchScreen.storyboard */ = {
			isa = PBXVariantGroup;
			children = (
				44353D461C6FD7CE00F4C20B /* Base */,
			);
			name = LaunchScreen.storyboard;
			sourceTree = "<group>";
		};
/* End PBXVariantGroup section */

/* Begin XCBuildConfiguration section */
		44353D5F1C6FD7CF00F4C20B /* Debug */ = {
			isa = XCBuildConfiguration;
			buildSettings = {
				ALWAYS_SEARCH_USER_PATHS = NO;
				CLANG_CXX_LANGUAGE_STANDARD = "gnu++0x";
				CLANG_CXX_LIBRARY = "libc++";
				CLANG_ENABLE_MODULES = YES;
				CLANG_ENABLE_OBJC_ARC = YES;
				CLANG_WARN_BOOL_CONVERSION = YES;
				CLANG_WARN_CONSTANT_CONVERSION = YES;
				CLANG_WARN_DIRECT_OBJC_ISA_USAGE = YES_ERROR;
				CLANG_WARN_EMPTY_BODY = YES;
				CLANG_WARN_ENUM_CONVERSION = YES;
				CLANG_WARN_INT_CONVERSION = YES;
				CLANG_WARN_OBJC_ROOT_CLASS = YES_ERROR;
				CLANG_WARN_UNREACHABLE_CODE = YES;
				CLANG_WARN__DUPLICATE_METHOD_MATCH = YES;
				"CODE_SIGN_IDENTITY[sdk=iphoneos*]" = "iPhone Developer";
				COPY_PHASE_STRIP = NO;
				DEBUG_INFORMATION_FORMAT = dwarf;
				ENABLE_STRICT_OBJC_MSGSEND = YES;
				ENABLE_TESTABILITY = YES;
				GCC_C_LANGUAGE_STANDARD = gnu99;
				GCC_DYNAMIC_NO_PIC = NO;
				GCC_NO_COMMON_BLOCKS = YES;
				GCC_OPTIMIZATION_LEVEL = 0;
				GCC_PREPROCESSOR_DEFINITIONS = (
					"DEBUG=1",
					"$(inherited)",
				);
				GCC_WARN_64_TO_32_BIT_CONVERSION = YES;
				GCC_WARN_ABOUT_RETURN_TYPE = YES_ERROR;
				GCC_WARN_UNDECLARED_SELECTOR = YES;
				GCC_WARN_UNINITIALIZED_AUTOS = YES_AGGRESSIVE;
				GCC_WARN_UNUSED_FUNCTION = YES;
				GCC_WARN_UNUSED_VARIABLE = YES;
				IPHONEOS_DEPLOYMENT_TARGET = 9.2;
				MTL_ENABLE_DEBUG_INFO = YES;
				ONLY_ACTIVE_ARCH = YES;
				SDKROOT = iphoneos;
				TARGETED_DEVICE_FAMILY = "1,2";
			};
			name = Debug;
		};
		44353D601C6FD7CF00F4C20B /* Release */ = {
			isa = XCBuildConfiguration;
			buildSettings = {
				ALWAYS_SEARCH_USER_PATHS = NO;
				CLANG_CXX_LANGUAGE_STANDARD = "gnu++0x";
				CLANG_CXX_LIBRARY = "libc++";
				CLANG_ENABLE_MODULES = YES;
				CLANG_ENABLE_OBJC_ARC = YES;
				CLANG_WARN_BOOL_CONVERSION = YES;
				CLANG_WARN_CONSTANT_CONVERSION = YES;
				CLANG_WARN_DIRECT_OBJC_ISA_USAGE = YES_ERROR;
				CLANG_WARN_EMPTY_BODY = YES;
				CLANG_WARN_ENUM_CONVERSION = YES;
				CLANG_WARN_INT_CONVERSION = YES;
				CLANG_WARN_OBJC_ROOT_CLASS = YES_ERROR;
				CLANG_WARN_UNREACHABLE_CODE = YES;
				CLANG_WARN__DUPLICATE_METHOD_MATCH = YES;
				"CODE_SIGN_IDENTITY[sdk=iphoneos*]" = "iPhone Developer";
				COPY_PHASE_STRIP = NO;
				DEBUG_INFORMATION_FORMAT = "dwarf-with-dsym";
				ENABLE_NS_ASSERTIONS = NO;
				ENABLE_STRICT_OBJC_MSGSEND = YES;
				GCC_C_LANGUAGE_STANDARD = gnu99;
				GCC_NO_COMMON_BLOCKS = YES;
				GCC_WARN_64_TO_32_BIT_CONVERSION = YES;
				GCC_WARN_ABOUT_RETURN_TYPE = YES_ERROR;
				GCC_WARN_UNDECLARED_SELECTOR = YES;
				GCC_WARN_UNINITIALIZED_AUTOS = YES_AGGRESSIVE;
				GCC_WARN_UNUSED_FUNCTION = YES;
				GCC_WARN_UNUSED_VARIABLE = YES;
				IPHONEOS_DEPLOYMENT_TARGET = 9.2;
				MTL_ENABLE_DEBUG_INFO = NO;
				SDKROOT = iphoneos;
				TARGETED_DEVICE_FAMILY = "1,2";
				VALIDATE_PRODUCT = YES;
			};
			name = Release;
		};
		44353D621C6FD7CF00F4C20B /* Debug */ = {
			isa = XCBuildConfiguration;
			buildSettings = {
				ASSETCATALOG_COMPILER_APPICON_NAME = AppIcon;
				CODE_SIGN_IDENTITY = "iPhone Developer";
				"CODE_SIGN_IDENTITY[sdk=iphoneos*]" = "iPhone Developer";
				FRAMEWORK_SEARCH_PATHS = (
					"$(inherited)",
					"$(PROJECT_DIR)",
				);
				GCC_PRECOMPILE_PREFIX_HEADER = YES;
				GCC_PREFIX_HEADER = visiontesting/PrefixHeader.pch;
				INFOPLIST_FILE = visiontesting/Info.plist;
				IPHONEOS_DEPLOYMENT_TARGET = 8.4;
				LD_RUNPATH_SEARCH_PATHS = "$(inherited) @executable_path/Frameworks";
				PRODUCT_BUNDLE_IDENTIFIER = nquezada.visiontesting;
				PRODUCT_NAME = "$(TARGET_NAME)";
				PROVISIONING_PROFILE = "";
				TARGETED_DEVICE_FAMILY = 2;
			};
			name = Debug;
		};
		44353D631C6FD7CF00F4C20B /* Release */ = {
			isa = XCBuildConfiguration;
			buildSettings = {
				ASSETCATALOG_COMPILER_APPICON_NAME = AppIcon;
				CODE_SIGN_IDENTITY = "iPhone Developer";
				"CODE_SIGN_IDENTITY[sdk=iphoneos*]" = "iPhone Developer";
				FRAMEWORK_SEARCH_PATHS = (
					"$(inherited)",
					"$(PROJECT_DIR)",
				);
				GCC_PRECOMPILE_PREFIX_HEADER = YES;
				GCC_PREFIX_HEADER = visiontesting/PrefixHeader.pch;
				INFOPLIST_FILE = visiontesting/Info.plist;
				IPHONEOS_DEPLOYMENT_TARGET = 8.4;
				LD_RUNPATH_SEARCH_PATHS = "$(inherited) @executable_path/Frameworks";
				PRODUCT_BUNDLE_IDENTIFIER = nquezada.visiontesting;
				PRODUCT_NAME = "$(TARGET_NAME)";
				PROVISIONING_PROFILE = "";
				TARGETED_DEVICE_FAMILY = 2;
			};
			name = Release;
		};
		44353D651C6FD7CF00F4C20B /* Debug */ = {
			isa = XCBuildConfiguration;
			buildSettings = {
				BUNDLE_LOADER = "$(TEST_HOST)";
				INFOPLIST_FILE = visiontestingTests/Info.plist;
				LD_RUNPATH_SEARCH_PATHS = "$(inherited) @executable_path/Frameworks @loader_path/Frameworks";
				PRODUCT_BUNDLE_IDENTIFIER = nquezada.visiontestingTests;
				PRODUCT_NAME = "$(TARGET_NAME)";
				TEST_HOST = "$(BUILT_PRODUCTS_DIR)/visiontesting.app/visiontesting";
			};
			name = Debug;
		};
		44353D661C6FD7CF00F4C20B /* Release */ = {
			isa = XCBuildConfiguration;
			buildSettings = {
				BUNDLE_LOADER = "$(TEST_HOST)";
				INFOPLIST_FILE = visiontestingTests/Info.plist;
				LD_RUNPATH_SEARCH_PATHS = "$(inherited) @executable_path/Frameworks @loader_path/Frameworks";
				PRODUCT_BUNDLE_IDENTIFIER = nquezada.visiontestingTests;
				PRODUCT_NAME = "$(TARGET_NAME)";
				TEST_HOST = "$(BUILT_PRODUCTS_DIR)/visiontesting.app/visiontesting";
			};
			name = Release;
		};
		44353D681C6FD7CF00F4C20B /* Debug */ = {
			isa = XCBuildConfiguration;
			buildSettings = {
				INFOPLIST_FILE = visiontestingUITests/Info.plist;
				LD_RUNPATH_SEARCH_PATHS = "$(inherited) @executable_path/Frameworks @loader_path/Frameworks";
				PRODUCT_BUNDLE_IDENTIFIER = nquezada.visiontestingUITests;
				PRODUCT_NAME = "$(TARGET_NAME)";
				TEST_TARGET_NAME = visiontesting;
				USES_XCTRUNNER = YES;
			};
			name = Debug;
		};
		44353D691C6FD7CF00F4C20B /* Release */ = {
			isa = XCBuildConfiguration;
			buildSettings = {
				INFOPLIST_FILE = visiontestingUITests/Info.plist;
				LD_RUNPATH_SEARCH_PATHS = "$(inherited) @executable_path/Frameworks @loader_path/Frameworks";
				PRODUCT_BUNDLE_IDENTIFIER = nquezada.visiontestingUITests;
				PRODUCT_NAME = "$(TARGET_NAME)";
				TEST_TARGET_NAME = visiontesting;
				USES_XCTRUNNER = YES;
			};
			name = Release;
		};
/* End XCBuildConfiguration section */

/* Begin XCConfigurationList section */
		44353D2F1C6FD7CE00F4C20B /* Build configuration list for PBXProject "visiontesting" */ = {
			isa = XCConfigurationList;
			buildConfigurations = (
				44353D5F1C6FD7CF00F4C20B /* Debug */,
				44353D601C6FD7CF00F4C20B /* Release */,
			);
			defaultConfigurationIsVisible = 0;
			defaultConfigurationName = Release;
		};
		44353D611C6FD7CF00F4C20B /* Build configuration list for PBXNativeTarget "visiontesting" */ = {
			isa = XCConfigurationList;
			buildConfigurations = (
				44353D621C6FD7CF00F4C20B /* Debug */,
				44353D631C6FD7CF00F4C20B /* Release */,
			);
			defaultConfigurationIsVisible = 0;
			defaultConfigurationName = Release;
		};
		44353D641C6FD7CF00F4C20B /* Build configuration list for PBXNativeTarget "visiontestingTests" */ = {
			isa = XCConfigurationList;
			buildConfigurations = (
				44353D651C6FD7CF00F4C20B /* Debug */,
				44353D661C6FD7CF00F4C20B /* Release */,
			);
			defaultConfigurationIsVisible = 0;
			defaultConfigurationName = Release;
		};
		44353D671C6FD7CF00F4C20B /* Build configuration list for PBXNativeTarget "visiontestingUITests" */ = {
			isa = XCConfigurationList;
			buildConfigurations = (
				44353D681C6FD7CF00F4C20B /* Debug */,
				44353D691C6FD7CF00F4C20B /* Release */,
			);
			defaultConfigurationIsVisible = 0;
			defaultConfigurationName = Release;
		};
/* End XCConfigurationList section */
	};
	rootObject = 44353D2C1C6FD7CE00F4C20B /* Project object */;
}
